
Microsoft Visual Studio Solution File, Format Version 12.00
# Visual Studio Version 17
VisualStudioVersion = 17.9.34701.34
MinimumVisualStudioVersion = 10.0.40219.1
Project("{FAE04EC0-301F-11D3-BF4B-00C04F79EFBC}") = "EquityCalculator.Web", "EquityCalculator.Web\EquityCalculator.Web.csproj", "{FA63529C-D042-4453-BD56-6714C8FDF378}"
EndProject
Global
	GlobalSection(SolutionConfigurationPlatforms) = preSolution
		Debug|Any CPU = Debug|Any CPU
		Release|Any CPU = Release|Any CPU
	EndGlobalSection
	GlobalSection(ProjectConfigurationPlatforms) = postSolution
		{FA63529C-D042-4453-BD56-6714C8FDF378}.Debug|Any CPU.ActiveCfg = Debug|Any CPU
		{FA63529C-D042-4453-BD56-6714C8FDF378}.Debug|Any CPU.Build.0 = Debug|Any CPU
		{FA63529C-D042-4453-BD56-6714C8FDF378}.Release|Any CPU.ActiveCfg = Release|Any CPU
		{FA63529C-D042-4453-BD56-6714C8FDF378}.Release|Any CPU.Build.0 = Release|Any CPU
	EndGlobalSection
	GlobalSection(SolutionProperties) = preSolution
		HideSolutionNode = FALSE
	EndGlobalSection
	GlobalSection(ExtensibilityGlobals) = postSolution
		SolutionGuid = {6785C5B5-AF45-4CDD-8E93-2FF1D51B1CBA}
	EndGlobalSection
EndGlobal
